
Microsoft Visual Studio Solution File, Format Version 12.00
# Visual Studio 2013
VisualStudioVersion = 12.0.40629.0
MinimumVisualStudioVersion = 10.0.40219.1
Project("{FAE04EC0-301F-11D3-BF4B-00C04F79EFBC}") = "聊天v1.0", "聊天v1.0\聊天v1.0.csproj", "{F32B9FD8-AE11-456A-B724-BB4E6994E8FF}"
EndProject
Global
	GlobalSection(SolutionConfigurationPlatforms) = preSolution
		Debug|Any CPU = Debug|Any CPU
		Release|Any CPU = Release|Any CPU
	EndGlobalSection
	GlobalSection(ProjectConfigurationPlatforms) = postSolution
		{F32B9FD8-AE11-456A-B724-BB4E6994E8FF}.Debug|Any CPU.ActiveCfg = Debug|Any CPU
		{F32B9FD8-AE11-456A-B724-BB4E6994E8FF}.Debug|Any CPU.Build.0 = Debug|Any CPU
		{F32B9FD8-AE11-456A-B724-BB4E6994E8FF}.Release|Any CPU.ActiveCfg = Release|Any CPU
		{F32B9FD8-AE11-456A-B724-BB4E6994E8FF}.Release|Any CPU.Build.0 = Release|Any CPU
	EndGlobalSection
	GlobalSection(SolutionProperties) = preSolution
		HideSolutionNode = FALSE
	EndGlobalSection
EndGlobal
